
Microsoft Visual Studio Solution File, Format Version 12.00
# Visual Studio Version 16
VisualStudioVersion = 16.0.31129.286
MinimumVisualStudioVersion = 10.0.40219.1
Project("{FAE04EC0-301F-11D3-BF4B-00C04F79EFBC}") = "ConsoleAppP1", "ConsoleAppP1\ConsoleAppP1.csproj", "{EFC4D68D-D796-4BD5-A53A-9EAF069CCF11}"
EndProject
Global
	GlobalSection(SolutionConfigurationPlatforms) = preSolution
		Debug|Any CPU = Debug|Any CPU
		Release|Any CPU = Release|Any CPU
	EndGlobalSection
	GlobalSection(ProjectConfigurationPlatforms) = postSolution
		{EFC4D68D-D796-4BD5-A53A-9EAF069CCF11}.Debug|Any CPU.ActiveCfg = Debug|Any CPU
		{EFC4D68D-D796-4BD5-A53A-9EAF069CCF11}.Debug|Any CPU.Build.0 = Debug|Any CPU
		{EFC4D68D-D796-4BD5-A53A-9EAF069CCF11}.Release|Any CPU.ActiveCfg = Release|Any CPU
		{EFC4D68D-D796-4BD5-A53A-9EAF069CCF11}.Release|Any CPU.Build.0 = Release|Any CPU
	EndGlobalSection
	GlobalSection(SolutionProperties) = preSolution
		HideSolutionNode = FALSE
	EndGlobalSection
	GlobalSection(ExtensibilityGlobals) = postSolution
		SolutionGuid = {A2128B59-6A5C-4288-B88F-85A295D8CD30}
	EndGlobalSection
EndGlobal
