
Microsoft Visual Studio Solution File, Format Version 12.00
# Visual Studio Version 16
VisualStudioVersion = 16.0.31129.286
MinimumVisualStudioVersion = 10.0.40219.1
Project("{FAE04EC0-301F-11D3-BF4B-00C04F79EFBC}") = "MVCTutorial", "MVCTutorial\MVCTutorial.csproj", "{524951D9-D7C0-4BC6-A1E6-AE91ECDD1DF9}"
EndProject
Global
	GlobalSection(SolutionConfigurationPlatforms) = preSolution
		Debug|Any CPU = Debug|Any CPU
		Release|Any CPU = Release|Any CPU
	EndGlobalSection
	GlobalSection(ProjectConfigurationPlatforms) = postSolution
		{524951D9-D7C0-4BC6-A1E6-AE91ECDD1DF9}.Debug|Any CPU.ActiveCfg = Debug|Any CPU
		{524951D9-D7C0-4BC6-A1E6-AE91ECDD1DF9}.Debug|Any CPU.Build.0 = Debug|Any CPU
		{524951D9-D7C0-4BC6-A1E6-AE91ECDD1DF9}.Release|Any CPU.ActiveCfg = Release|Any CPU
		{524951D9-D7C0-4BC6-A1E6-AE91ECDD1DF9}.Release|Any CPU.Build.0 = Release|Any CPU
	EndGlobalSection
	GlobalSection(SolutionProperties) = preSolution
		HideSolutionNode = FALSE
	EndGlobalSection
	GlobalSection(ExtensibilityGlobals) = postSolution
		SolutionGuid = {1589A796-2DB4-4DD7-9F1E-846386B3EEF2}
	EndGlobalSection
EndGlobal
