
Microsoft Visual Studio Solution File, Format Version 12.00
# Visual Studio Version 16
VisualStudioVersion = 16.0.31129.286
MinimumVisualStudioVersion = 10.0.40219.1
Project("{FAE04EC0-301F-11D3-BF4B-00C04F79EFBC}") = "ConstructorAssignment", "ConstructorAssignment\ConstructorAssignment.csproj", "{13DA34A1-D2F1-418E-A9B8-62684792FD2E}"
EndProject
Global
	GlobalSection(SolutionConfigurationPlatforms) = preSolution
		Debug|Any CPU = Debug|Any CPU
		Release|Any CPU = Release|Any CPU
	EndGlobalSection
	GlobalSection(ProjectConfigurationPlatforms) = postSolution
		{13DA34A1-D2F1-418E-A9B8-62684792FD2E}.Debug|Any CPU.ActiveCfg = Debug|Any CPU
		{13DA34A1-D2F1-418E-A9B8-62684792FD2E}.Debug|Any CPU.Build.0 = Debug|Any CPU
		{13DA34A1-D2F1-418E-A9B8-62684792FD2E}.Release|Any CPU.ActiveCfg = Release|Any CPU
		{13DA34A1-D2F1-418E-A9B8-62684792FD2E}.Release|Any CPU.Build.0 = Release|Any CPU
	EndGlobalSection
	GlobalSection(SolutionProperties) = preSolution
		HideSolutionNode = FALSE
	EndGlobalSection
	GlobalSection(ExtensibilityGlobals) = postSolution
		SolutionGuid = {4CB86C73-7A7A-415D-9930-539DCB5F9328}
	EndGlobalSection
EndGlobal
