
Microsoft Visual Studio Solution File, Format Version 12.00
# Visual Studio Version 16
VisualStudioVersion = 16.0.31129.286
MinimumVisualStudioVersion = 10.0.40219.1
Project("{FAE04EC0-301F-11D3-BF4B-00C04F79EFBC}") = "ClassMulitMethods", "ClassMulitMethods\ClassMulitMethods.csproj", "{DD07FF0D-F94A-48C4-94F6-4A7EAB28176C}"
EndProject
Global
	GlobalSection(SolutionConfigurationPlatforms) = preSolution
		Debug|Any CPU = Debug|Any CPU
		Release|Any CPU = Release|Any CPU
	EndGlobalSection
	GlobalSection(ProjectConfigurationPlatforms) = postSolution
		{DD07FF0D-F94A-48C4-94F6-4A7EAB28176C}.Debug|Any CPU.ActiveCfg = Debug|Any CPU
		{DD07FF0D-F94A-48C4-94F6-4A7EAB28176C}.Debug|Any CPU.Build.0 = Debug|Any CPU
		{DD07FF0D-F94A-48C4-94F6-4A7EAB28176C}.Release|Any CPU.ActiveCfg = Release|Any CPU
		{DD07FF0D-F94A-48C4-94F6-4A7EAB28176C}.Release|Any CPU.Build.0 = Release|Any CPU
	EndGlobalSection
	GlobalSection(SolutionProperties) = preSolution
		HideSolutionNode = FALSE
	EndGlobalSection
	GlobalSection(ExtensibilityGlobals) = postSolution
		SolutionGuid = {56CB27F4-6406-4C28-8289-C9D17B304148}
	EndGlobalSection
EndGlobal
