
Microsoft Visual Studio Solution File, Format Version 12.00
# Visual Studio Version 16
VisualStudioVersion = 16.0.31129.286
MinimumVisualStudioVersion = 10.0.40219.1
Project("{FAE04EC0-301F-11D3-BF4B-00C04F79EFBC}") = "MainMethodSubmission", "MainMethodSubmission\MainMethodSubmission.csproj", "{3CFD0EDF-B016-4A2E-8BF4-6685E9B9CFB4}"
EndProject
Global
	GlobalSection(SolutionConfigurationPlatforms) = preSolution
		Debug|Any CPU = Debug|Any CPU
		Release|Any CPU = Release|Any CPU
	EndGlobalSection
	GlobalSection(ProjectConfigurationPlatforms) = postSolution
		{3CFD0EDF-B016-4A2E-8BF4-6685E9B9CFB4}.Debug|Any CPU.ActiveCfg = Debug|Any CPU
		{3CFD0EDF-B016-4A2E-8BF4-6685E9B9CFB4}.Debug|Any CPU.Build.0 = Debug|Any CPU
		{3CFD0EDF-B016-4A2E-8BF4-6685E9B9CFB4}.Release|Any CPU.ActiveCfg = Release|Any CPU
		{3CFD0EDF-B016-4A2E-8BF4-6685E9B9CFB4}.Release|Any CPU.Build.0 = Release|Any CPU
	EndGlobalSection
	GlobalSection(SolutionProperties) = preSolution
		HideSolutionNode = FALSE
	EndGlobalSection
	GlobalSection(ExtensibilityGlobals) = postSolution
		SolutionGuid = {1BFAF557-6485-4CD9-B04D-FED1708F83E5}
	EndGlobalSection
EndGlobal
